
Microsoft Visual Studio Solution File, Format Version 12.00
# Visual Studio Version 17
VisualStudioVersion = 17.8.34330.188
MinimumVisualStudioVersion = 10.0.40219.1
Project("{FAE04EC0-301F-11D3-BF4B-00C04F79EFBC}") = "producer", "producer\producer.csproj", "{DA885D5A-25E9-4DFC-B0FB-ED8BAD8A323A}"
EndProject
Global
	GlobalSection(SolutionConfigurationPlatforms) = preSolution
		Debug|Any CPU = Debug|Any CPU
		Release|Any CPU = Release|Any CPU
	EndGlobalSection
	GlobalSection(ProjectConfigurationPlatforms) = postSolution
		{DA885D5A-25E9-4DFC-B0FB-ED8BAD8A323A}.Debug|Any CPU.ActiveCfg = Debug|Any CPU
		{DA885D5A-25E9-4DFC-B0FB-ED8BAD8A323A}.Debug|Any CPU.Build.0 = Debug|Any CPU
		{DA885D5A-25E9-4DFC-B0FB-ED8BAD8A323A}.Release|Any CPU.ActiveCfg = Release|Any CPU
		{DA885D5A-25E9-4DFC-B0FB-ED8BAD8A323A}.Release|Any CPU.Build.0 = Release|Any CPU
	EndGlobalSection
	GlobalSection(SolutionProperties) = preSolution
		HideSolutionNode = FALSE
	EndGlobalSection
	GlobalSection(ExtensibilityGlobals) = postSolution
		SolutionGuid = {22C30E19-17DC-4E77-BC82-2FC57FF02490}
	EndGlobalSection
EndGlobal
